
Microsoft Visual Studio Solution File, Format Version 12.00
# Visual Studio 15
VisualStudioVersion = 15.0.28010.2026
MinimumVisualStudioVersion = 10.0.40219.1
Project("{FAE04EC0-301F-11D3-BF4B-00C04F79EFBC}") = "ExampleDependencyInjection", "ExampleDependencyInjection\ExampleDependencyInjection.csproj", "{52ED82B4-C7ED-4723-974D-36BDF76A11AD}"
EndProject
Global
	GlobalSection(SolutionConfigurationPlatforms) = preSolution
		Debug|Any CPU = Debug|Any CPU
		Release|Any CPU = Release|Any CPU
	EndGlobalSection
	GlobalSection(ProjectConfigurationPlatforms) = postSolution
		{52ED82B4-C7ED-4723-974D-36BDF76A11AD}.Debug|Any CPU.ActiveCfg = Debug|Any CPU
		{52ED82B4-C7ED-4723-974D-36BDF76A11AD}.Debug|Any CPU.Build.0 = Debug|Any CPU
		{52ED82B4-C7ED-4723-974D-36BDF76A11AD}.Release|Any CPU.ActiveCfg = Release|Any CPU
		{52ED82B4-C7ED-4723-974D-36BDF76A11AD}.Release|Any CPU.Build.0 = Release|Any CPU
	EndGlobalSection
	GlobalSection(SolutionProperties) = preSolution
		HideSolutionNode = FALSE
	EndGlobalSection
	GlobalSection(ExtensibilityGlobals) = postSolution
		SolutionGuid = {A29BA89D-7C6B-4C3B-82AF-0C00A94BD8D7}
	EndGlobalSection
EndGlobal
